
Microsoft Visual Studio Solution File, Format Version 12.00
# Visual Studio Version 16
VisualStudioVersion = 16.0.31911.196
MinimumVisualStudioVersion = 10.0.40219.1
Project("{E24C65DC-7377-472B-9ABA-BC803B73C61A}") = "DataEntry.Web(1)", "DataEntry.Web\", "{D69A78DA-4995-4A1D-A3E6-688795DAEC06}"
	ProjectSection(WebsiteProperties) = preProject
		TargetFrameworkMoniker = ".NETFramework,Version%3Dv4.7.2"
		Debug.AspNetCompiler.VirtualPath = "/localhost_65342"
		Debug.AspNetCompiler.PhysicalPath = "DataEntry.Web\"
		Debug.AspNetCompiler.TargetPath = "PrecompiledWeb\localhost_65342\"
		Debug.AspNetCompiler.Updateable = "true"
		Debug.AspNetCompiler.ForceOverwrite = "true"
		Debug.AspNetCompiler.FixedNames = "false"
		Debug.AspNetCompiler.Debug = "True"
		Release.AspNetCompiler.VirtualPath = "/localhost_65342"
		Release.AspNetCompiler.PhysicalPath = "DataEntry.Web\"
		Release.AspNetCompiler.TargetPath = "PrecompiledWeb\localhost_65342\"
		Release.AspNetCompiler.Updateable = "true"
		Release.AspNetCompiler.ForceOverwrite = "true"
		Release.AspNetCompiler.FixedNames = "false"
		Release.AspNetCompiler.Debug = "False"
		VWDPort = "65342"
	EndProjectSection
EndProject
Global
	GlobalSection(SolutionConfigurationPlatforms) = preSolution
		Debug|Any CPU = Debug|Any CPU
	EndGlobalSection
	GlobalSection(ProjectConfigurationPlatforms) = postSolution
		{D69A78DA-4995-4A1D-A3E6-688795DAEC06}.Debug|Any CPU.ActiveCfg = Debug|Any CPU
		{D69A78DA-4995-4A1D-A3E6-688795DAEC06}.Debug|Any CPU.Build.0 = Debug|Any CPU
	EndGlobalSection
	GlobalSection(SolutionProperties) = preSolution
		HideSolutionNode = FALSE
	EndGlobalSection
	GlobalSection(ExtensibilityGlobals) = postSolution
		SolutionGuid = {12715881-D03A-4FE5-8947-1216992194CE}
	EndGlobalSection
EndGlobal
